# This file is automatically @generated by Cargo.
# It is not intended for manual editing.
version = 4

[[package]]
name = "cherry-pickup"
version = "0.1.0"

[[package]]
name = "container_with_most_water"
version = "0.1.0"

[[package]]
name = "find-the-city-with-the-smallest-number-of-neighbors-at-a-threshold-distance"
version = "0.1.0"

[[package]]
name = "longest_palindromic_substring"
version = "0.1.0"

[[package]]
name = "longest_substring_without_repeating_character"
version = "0.1.0"

[[package]]
name = "minimum_path_sum"
version = "0.1.0"

[[package]]
name = "n_queens"
version = "0.1.0"

[[package]]
name = "next_permutation"
version = "0.1.0"

[[package]]
name = "powx_n"
version = "0.1.0"

[[package]]
name = "three_sum"
version = "0.1.0"

[[package]]
name = "three_sum_closest"
version = "0.1.0"

[[package]]
name = "type_of_triangle"
version = "0.1.0"

[[package]]
name = "unique_path"
version = "0.1.0"

[[package]]
name = "valid_parentheses"
version = "0.1.0"
